
Microsoft Visual Studio Solution File, Format Version 12.00
# Visual Studio Version 17
VisualStudioVersion = 17.1.32328.378
MinimumVisualStudioVersion = 10.0.40219.1
Project("{FAE04EC0-301F-11D3-BF4B-00C04F79EFBC}") = "CasoUPSJB", "CasoUPSJB.csproj", "{ABBB459E-6249-45BB-82FA-8611C2523B16}"
EndProject
Global
	GlobalSection(SolutionConfigurationPlatforms) = preSolution
		Debug|Any CPU = Debug|Any CPU
		Release|Any CPU = Release|Any CPU
	EndGlobalSection
	GlobalSection(ProjectConfigurationPlatforms) = postSolution
		{ABBB459E-6249-45BB-82FA-8611C2523B16}.Debug|Any CPU.ActiveCfg = Debug|Any CPU
		{ABBB459E-6249-45BB-82FA-8611C2523B16}.Debug|Any CPU.Build.0 = Debug|Any CPU
		{ABBB459E-6249-45BB-82FA-8611C2523B16}.Release|Any CPU.ActiveCfg = Release|Any CPU
		{ABBB459E-6249-45BB-82FA-8611C2523B16}.Release|Any CPU.Build.0 = Release|Any CPU
	EndGlobalSection
	GlobalSection(SolutionProperties) = preSolution
		HideSolutionNode = FALSE
	EndGlobalSection
	GlobalSection(ExtensibilityGlobals) = postSolution
		SolutionGuid = {9A8B3326-6CF8-4667-8149-308DFE50E1DD}
	EndGlobalSection
EndGlobal
